
Microsoft Visual Studio Solution File, Format Version 12.00
Project("{FAE04EC0-301F-11D3-BF4B-00C04F79EFBC}") = "PluginSdk", "PluginSdk.csproj", "{8D2165FA-0DBE-4F59-815C-72157B2401CF}"
EndProject
Global
	GlobalSection(SolutionConfigurationPlatforms) = preSolution
		Debug|Any CPU = Debug|Any CPU
		Release|Any CPU = Release|Any CPU
	EndGlobalSection
	GlobalSection(ProjectConfigurationPlatforms) = postSolution
		{8D2165FA-0DBE-4F59-815C-72157B2401CF}.Debug|Any CPU.ActiveCfg = Debug|Any CPU
		{8D2165FA-0DBE-4F59-815C-72157B2401CF}.Debug|Any CPU.Build.0 = Debug|Any CPU
		{8D2165FA-0DBE-4F59-815C-72157B2401CF}.Release|Any CPU.ActiveCfg = Release|Any CPU
		{8D2165FA-0DBE-4F59-815C-72157B2401CF}.Release|Any CPU.Build.0 = Release|Any CPU
	EndGlobalSection
EndGlobal
