
Microsoft Visual Studio Solution File, Format Version 12.00
Project("{FAE04EC0-301F-11D3-BF4B-00C04F79EFBC}") = "HomeSeerSamplePlugin", "HomeSeerSamplePlugin.csproj", "{AC94E16E-96E3-4FAF-8B90-1CFA59F8A866}"
EndProject
Global
	GlobalSection(SolutionConfigurationPlatforms) = preSolution
		Debug|Any CPU = Debug|Any CPU
		Release|Any CPU = Release|Any CPU
		DirectToHs|Any CPU = DirectToHs|Any CPU
	EndGlobalSection
	GlobalSection(ProjectConfigurationPlatforms) = postSolution
		{AC94E16E-96E3-4FAF-8B90-1CFA59F8A866}.Debug|Any CPU.ActiveCfg = Debug|Any CPU
		{AC94E16E-96E3-4FAF-8B90-1CFA59F8A866}.Debug|Any CPU.Build.0 = Debug|Any CPU
		{AC94E16E-96E3-4FAF-8B90-1CFA59F8A866}.Release|Any CPU.ActiveCfg = Release|Any CPU
		{AC94E16E-96E3-4FAF-8B90-1CFA59F8A866}.Release|Any CPU.Build.0 = Release|Any CPU
		{AC94E16E-96E3-4FAF-8B90-1CFA59F8A866}.DirectToHs|Any CPU.ActiveCfg = DirectToHs|Any CPU
		{AC94E16E-96E3-4FAF-8B90-1CFA59F8A866}.DirectToHs|Any CPU.Build.0 = DirectToHs|Any CPU
	EndGlobalSection
EndGlobal
